
Microsoft Visual Studio Solution File, Format Version 12.00
# Visual Studio 15
VisualStudioVersion = 15.0.28307.421
MinimumVisualStudioVersion = 10.0.40219.1
Project("{9A19103F-16F7-4668-BE54-9A1E7A4F7556}") = "Domain", "Domain\Domain.csproj", "{88863DDC-329F-4B7B-A242-761DC5E38FFD}"
EndProject
Project("{9A19103F-16F7-4668-BE54-9A1E7A4F7556}") = "Infra", "Infra\Infra.csproj", "{C23A0210-3156-45C2-9B1F-228AFCF74B2D}"
EndProject
Project("{9A19103F-16F7-4668-BE54-9A1E7A4F7556}") = "webapi", "webapi\webapi.csproj", "{74760450-2080-4E6B-9735-164B44CB5FC3}"
EndProject
Global
	GlobalSection(SolutionConfigurationPlatforms) = preSolution
		Debug|Any CPU = Debug|Any CPU
		Release|Any CPU = Release|Any CPU
	EndGlobalSection
	GlobalSection(ProjectConfigurationPlatforms) = postSolution
		{88863DDC-329F-4B7B-A242-761DC5E38FFD}.Debug|Any CPU.ActiveCfg = Debug|Any CPU
		{88863DDC-329F-4B7B-A242-761DC5E38FFD}.Debug|Any CPU.Build.0 = Debug|Any CPU
		{88863DDC-329F-4B7B-A242-761DC5E38FFD}.Release|Any CPU.ActiveCfg = Release|Any CPU
		{88863DDC-329F-4B7B-A242-761DC5E38FFD}.Release|Any CPU.Build.0 = Release|Any CPU
		{C23A0210-3156-45C2-9B1F-228AFCF74B2D}.Debug|Any CPU.ActiveCfg = Debug|Any CPU
		{C23A0210-3156-45C2-9B1F-228AFCF74B2D}.Debug|Any CPU.Build.0 = Debug|Any CPU
		{C23A0210-3156-45C2-9B1F-228AFCF74B2D}.Release|Any CPU.ActiveCfg = Release|Any CPU
		{C23A0210-3156-45C2-9B1F-228AFCF74B2D}.Release|Any CPU.Build.0 = Release|Any CPU
		{74760450-2080-4E6B-9735-164B44CB5FC3}.Debug|Any CPU.ActiveCfg = Debug|Any CPU
		{74760450-2080-4E6B-9735-164B44CB5FC3}.Debug|Any CPU.Build.0 = Debug|Any CPU
		{74760450-2080-4E6B-9735-164B44CB5FC3}.Release|Any CPU.ActiveCfg = Release|Any CPU
		{74760450-2080-4E6B-9735-164B44CB5FC3}.Release|Any CPU.Build.0 = Release|Any CPU
	EndGlobalSection
	GlobalSection(SolutionProperties) = preSolution
		HideSolutionNode = FALSE
	EndGlobalSection
	GlobalSection(ExtensibilityGlobals) = postSolution
		SolutionGuid = {ABBA6120-2026-4FCD-870E-6C92D22448D4}
	EndGlobalSection
EndGlobal
